
Microsoft Visual Studio Solution File, Format Version 12.00
# Visual Studio Version 16
VisualStudioVersion = 16.0.31205.134
MinimumVisualStudioVersion = 10.0.40219.1
Project("{9A19103F-16F7-4668-BE54-9A1E7A4F7556}") = "MatrixTrace", "MatrixTrace.csproj", "{8FC65CA3-956C-4ACE-98A8-08975FF28D6D}"
EndProject
Project("{FAE04EC0-301F-11D3-BF4B-00C04F79EFBC}") = "MatrixTraceTests", "..\MatrixTraceTests\MatrixTraceTests.csproj", "{CD6B020F-EB1A-44FB-83FF-FC5A3BD8F1C8}"
EndProject
Global
	GlobalSection(SolutionConfigurationPlatforms) = preSolution
		Debug|Any CPU = Debug|Any CPU
		Release|Any CPU = Release|Any CPU
	EndGlobalSection
	GlobalSection(ProjectConfigurationPlatforms) = postSolution
		{8FC65CA3-956C-4ACE-98A8-08975FF28D6D}.Debug|Any CPU.ActiveCfg = Debug|Any CPU
		{8FC65CA3-956C-4ACE-98A8-08975FF28D6D}.Debug|Any CPU.Build.0 = Debug|Any CPU
		{8FC65CA3-956C-4ACE-98A8-08975FF28D6D}.Release|Any CPU.ActiveCfg = Release|Any CPU
		{8FC65CA3-956C-4ACE-98A8-08975FF28D6D}.Release|Any CPU.Build.0 = Release|Any CPU
		{CD6B020F-EB1A-44FB-83FF-FC5A3BD8F1C8}.Debug|Any CPU.ActiveCfg = Debug|Any CPU
		{CD6B020F-EB1A-44FB-83FF-FC5A3BD8F1C8}.Debug|Any CPU.Build.0 = Debug|Any CPU
		{CD6B020F-EB1A-44FB-83FF-FC5A3BD8F1C8}.Release|Any CPU.ActiveCfg = Release|Any CPU
		{CD6B020F-EB1A-44FB-83FF-FC5A3BD8F1C8}.Release|Any CPU.Build.0 = Release|Any CPU
	EndGlobalSection
	GlobalSection(SolutionProperties) = preSolution
		HideSolutionNode = FALSE
	EndGlobalSection
	GlobalSection(ExtensibilityGlobals) = postSolution
		SolutionGuid = {8BAF05F3-6CF6-4D69-AA0D-6861F0EC9EB9}
	EndGlobalSection
EndGlobal
